
Microsoft Visual Studio Solution File, Format Version 12.00
# Visual Studio Version 17
VisualStudioVersion = 17.5.33424.131
MinimumVisualStudioVersion = 10.0.40219.1
Project("{FAE04EC0-301F-11D3-BF4B-00C04F79EFBC}") = "poo2", "poo2\poo2.csproj", "{A3DECE4C-6374-49E6-AA52-0A153A31F762}"
EndProject
Global
	GlobalSection(SolutionConfigurationPlatforms) = preSolution
		Debug|Any CPU = Debug|Any CPU
		Release|Any CPU = Release|Any CPU
	EndGlobalSection
	GlobalSection(ProjectConfigurationPlatforms) = postSolution
		{A3DECE4C-6374-49E6-AA52-0A153A31F762}.Debug|Any CPU.ActiveCfg = Debug|Any CPU
		{A3DECE4C-6374-49E6-AA52-0A153A31F762}.Debug|Any CPU.Build.0 = Debug|Any CPU
		{A3DECE4C-6374-49E6-AA52-0A153A31F762}.Release|Any CPU.ActiveCfg = Release|Any CPU
		{A3DECE4C-6374-49E6-AA52-0A153A31F762}.Release|Any CPU.Build.0 = Release|Any CPU
	EndGlobalSection
	GlobalSection(SolutionProperties) = preSolution
		HideSolutionNode = FALSE
	EndGlobalSection
	GlobalSection(ExtensibilityGlobals) = postSolution
		SolutionGuid = {E0F7D899-3ABF-4F76-A1C1-F1300C90C664}
	EndGlobalSection
EndGlobal
